
Microsoft Visual Studio Solution File, Format Version 12.00
Project("{FAE04EC0-301F-11D3-BF4B-00C04F79EFBC}") = "WeatherLoader", "src\WeatherLoader\WeatherLoader.csproj", "{E1069CD5-F65F-443C-A966-56234A4D3B23}"
EndProject
Project("{FAE04EC0-301F-11D3-BF4B-00C04F79EFBC}") = "TempAnalyzer", "TempAnalyzer\TempAnalyzer.csproj", "{B8719ECF-BB77-4D9B-BB04-C08F158CD526}"
EndProject
Global
	GlobalSection(SolutionConfigurationPlatforms) = preSolution
		Debug|Any CPU = Debug|Any CPU
		Release|Any CPU = Release|Any CPU
	EndGlobalSection
	GlobalSection(ProjectConfigurationPlatforms) = postSolution
		{E1069CD5-F65F-443C-A966-56234A4D3B23}.Debug|Any CPU.ActiveCfg = Debug|Any CPU
		{E1069CD5-F65F-443C-A966-56234A4D3B23}.Debug|Any CPU.Build.0 = Debug|Any CPU
		{E1069CD5-F65F-443C-A966-56234A4D3B23}.Release|Any CPU.ActiveCfg = Release|Any CPU
		{E1069CD5-F65F-443C-A966-56234A4D3B23}.Release|Any CPU.Build.0 = Release|Any CPU
		{B8719ECF-BB77-4D9B-BB04-C08F158CD526}.Debug|Any CPU.ActiveCfg = Debug|Any CPU
		{B8719ECF-BB77-4D9B-BB04-C08F158CD526}.Debug|Any CPU.Build.0 = Debug|Any CPU
		{B8719ECF-BB77-4D9B-BB04-C08F158CD526}.Release|Any CPU.ActiveCfg = Release|Any CPU
		{B8719ECF-BB77-4D9B-BB04-C08F158CD526}.Release|Any CPU.Build.0 = Release|Any CPU
	EndGlobalSection
EndGlobal
